
Microsoft Visual Studio Solution File, Format Version 12.00
# Visual Studio Version 17
VisualStudioVersion = 17.14.36930.0
MinimumVisualStudioVersion = 10.0.40219.1
Project("{FAE04EC0-301F-11D3-BF4B-00C04F79EFBC}") = "svMCP", "svMCP\svMCP.csproj", "{1D13A93C-19D4-8A85-7938-ED4FE0C994E1}"
EndProject
Project("{FAE04EC0-301F-11D3-BF4B-00C04F79EFBC}") = "TeklaMcpServer", "TeklaMcpServer\TeklaMcpServer.csproj", "{17FC0E21-E60E-4FEC-95FC-EC40B22A3407}"
EndProject
Project("{FAE04EC0-301F-11D3-BF4B-00C04F79EFBC}") = "TeklaMcpServer.Api", "TeklaMcpServer.Api\TeklaMcpServer.Api.csproj", "{D7099ED8-4E60-4D01-BF0F-0C10AA674C5A}"
EndProject
Global
	GlobalSection(SolutionConfigurationPlatforms) = preSolution
		Debug|Any CPU = Debug|Any CPU
		Release|Any CPU = Release|Any CPU
	EndGlobalSection
	GlobalSection(ProjectConfigurationPlatforms) = postSolution
		{1D13A93C-19D4-8A85-7938-ED4FE0C994E1}.Debug|Any CPU.ActiveCfg = Debug|Any CPU
		{1D13A93C-19D4-8A85-7938-ED4FE0C994E1}.Debug|Any CPU.Build.0 = Debug|Any CPU
		{1D13A93C-19D4-8A85-7938-ED4FE0C994E1}.Release|Any CPU.ActiveCfg = Release|Any CPU
		{1D13A93C-19D4-8A85-7938-ED4FE0C994E1}.Release|Any CPU.Build.0 = Release|Any CPU
		{17FC0E21-E60E-4FEC-95FC-EC40B22A3407}.Debug|Any CPU.ActiveCfg = Debug|Any CPU
		{17FC0E21-E60E-4FEC-95FC-EC40B22A3407}.Debug|Any CPU.Build.0 = Debug|Any CPU
		{17FC0E21-E60E-4FEC-95FC-EC40B22A3407}.Release|Any CPU.ActiveCfg = Release|Any CPU
		{17FC0E21-E60E-4FEC-95FC-EC40B22A3407}.Release|Any CPU.Build.0 = Release|Any CPU
		{D7099ED8-4E60-4D01-BF0F-0C10AA674C5A}.Debug|Any CPU.ActiveCfg = Debug|Any CPU
		{D7099ED8-4E60-4D01-BF0F-0C10AA674C5A}.Debug|Any CPU.Build.0 = Debug|Any CPU
		{D7099ED8-4E60-4D01-BF0F-0C10AA674C5A}.Release|Any CPU.ActiveCfg = Release|Any CPU
		{D7099ED8-4E60-4D01-BF0F-0C10AA674C5A}.Release|Any CPU.Build.0 = Release|Any CPU
	EndGlobalSection
	GlobalSection(SolutionProperties) = preSolution
		HideSolutionNode = FALSE
	EndGlobalSection
	GlobalSection(ExtensibilityGlobals) = postSolution
		SolutionGuid = {191F8BA0-864B-4457-9A8A-50752B513305}
	EndGlobalSection
EndGlobal
