
Microsoft Visual Studio Solution File, Format Version 12.00
# Visual Studio Version 17
VisualStudioVersion = 17.14.36930.0
MinimumVisualStudioVersion = 10.0.40219.1
Project("{FAE04EC0-301F-11D3-BF4B-00C04F79EFBC}") = "TeklaMcpServer", "TeklaMcpServer\TeklaMcpServer.csproj", "{17FC0E21-E60E-4FEC-95FC-EC40B22A3407}"
EndProject
Project("{FAE04EC0-301F-11D3-BF4B-00C04F79EFBC}") = "TeklaMcpServer.Api", "TeklaMcpServer.Api\TeklaMcpServer.Api.csproj", "{D7099ED8-4E60-4D01-BF0F-0C10AA674C5A}"
EndProject
Project("{FAE04EC0-301F-11D3-BF4B-00C04F79EFBC}") = "TeklaBridge", "TeklaBridge\TeklaBridge.csproj", "{E8C5D204-2003-400D-9F43-7B35D3E8891A}"
EndProject
Project("{FAE04EC0-301F-11D3-BF4B-00C04F79EFBC}") = "TeklaMcpServer.Tests", "TeklaMcpServer.Tests\TeklaMcpServer.Tests.csproj", "{A3C3F2E4-6E3B-4F7B-B1E3-9D1C9F4A36D7}"
EndProject
Project("{FAE04EC0-301F-11D3-BF4B-00C04F79EFBC}") = "TeklaMcpServer.Host", "TeklaMcpServer.Host\TeklaMcpServer.Host.csproj", "{4FB2BE9C-DF92-46B8-A18E-A18D739DF964}"
EndProject
Global
	GlobalSection(SolutionConfigurationPlatforms) = preSolution
		Debug|Any CPU = Debug|Any CPU
		Debug|x64 = Debug|x64
		Debug|x86 = Debug|x86
		Release|Any CPU = Release|Any CPU
		Release|x64 = Release|x64
		Release|x86 = Release|x86
	EndGlobalSection
	GlobalSection(ProjectConfigurationPlatforms) = postSolution
		{17FC0E21-E60E-4FEC-95FC-EC40B22A3407}.Debug|Any CPU.ActiveCfg = Debug|Any CPU
		{17FC0E21-E60E-4FEC-95FC-EC40B22A3407}.Debug|Any CPU.Build.0 = Debug|Any CPU
		{17FC0E21-E60E-4FEC-95FC-EC40B22A3407}.Debug|x64.ActiveCfg = Debug|Any CPU
		{17FC0E21-E60E-4FEC-95FC-EC40B22A3407}.Debug|x64.Build.0 = Debug|Any CPU
		{17FC0E21-E60E-4FEC-95FC-EC40B22A3407}.Debug|x86.ActiveCfg = Debug|Any CPU
		{17FC0E21-E60E-4FEC-95FC-EC40B22A3407}.Debug|x86.Build.0 = Debug|Any CPU
		{17FC0E21-E60E-4FEC-95FC-EC40B22A3407}.Release|Any CPU.ActiveCfg = Release|Any CPU
		{17FC0E21-E60E-4FEC-95FC-EC40B22A3407}.Release|Any CPU.Build.0 = Release|Any CPU
		{17FC0E21-E60E-4FEC-95FC-EC40B22A3407}.Release|x64.ActiveCfg = Release|Any CPU
		{17FC0E21-E60E-4FEC-95FC-EC40B22A3407}.Release|x64.Build.0 = Release|Any CPU
		{17FC0E21-E60E-4FEC-95FC-EC40B22A3407}.Release|x86.ActiveCfg = Release|Any CPU
		{17FC0E21-E60E-4FEC-95FC-EC40B22A3407}.Release|x86.Build.0 = Release|Any CPU
		{D7099ED8-4E60-4D01-BF0F-0C10AA674C5A}.Debug|Any CPU.ActiveCfg = Debug|Any CPU
		{D7099ED8-4E60-4D01-BF0F-0C10AA674C5A}.Debug|Any CPU.Build.0 = Debug|Any CPU
		{D7099ED8-4E60-4D01-BF0F-0C10AA674C5A}.Debug|x64.ActiveCfg = Debug|Any CPU
		{D7099ED8-4E60-4D01-BF0F-0C10AA674C5A}.Debug|x64.Build.0 = Debug|Any CPU
		{D7099ED8-4E60-4D01-BF0F-0C10AA674C5A}.Debug|x86.ActiveCfg = Debug|Any CPU
		{D7099ED8-4E60-4D01-BF0F-0C10AA674C5A}.Debug|x86.Build.0 = Debug|Any CPU
		{D7099ED8-4E60-4D01-BF0F-0C10AA674C5A}.Release|Any CPU.ActiveCfg = Release|Any CPU
		{D7099ED8-4E60-4D01-BF0F-0C10AA674C5A}.Release|Any CPU.Build.0 = Release|Any CPU
		{D7099ED8-4E60-4D01-BF0F-0C10AA674C5A}.Release|x64.ActiveCfg = Release|Any CPU
		{D7099ED8-4E60-4D01-BF0F-0C10AA674C5A}.Release|x64.Build.0 = Release|Any CPU
		{D7099ED8-4E60-4D01-BF0F-0C10AA674C5A}.Release|x86.ActiveCfg = Release|Any CPU
		{D7099ED8-4E60-4D01-BF0F-0C10AA674C5A}.Release|x86.Build.0 = Release|Any CPU
		{E8C5D204-2003-400D-9F43-7B35D3E8891A}.Debug|Any CPU.ActiveCfg = Debug|Any CPU
		{E8C5D204-2003-400D-9F43-7B35D3E8891A}.Debug|Any CPU.Build.0 = Debug|Any CPU
		{E8C5D204-2003-400D-9F43-7B35D3E8891A}.Debug|x64.ActiveCfg = Debug|Any CPU
		{E8C5D204-2003-400D-9F43-7B35D3E8891A}.Debug|x64.Build.0 = Debug|Any CPU
		{E8C5D204-2003-400D-9F43-7B35D3E8891A}.Debug|x86.ActiveCfg = Debug|Any CPU
		{E8C5D204-2003-400D-9F43-7B35D3E8891A}.Debug|x86.Build.0 = Debug|Any CPU
		{E8C5D204-2003-400D-9F43-7B35D3E8891A}.Release|Any CPU.ActiveCfg = Release|Any CPU
		{E8C5D204-2003-400D-9F43-7B35D3E8891A}.Release|Any CPU.Build.0 = Release|Any CPU
		{E8C5D204-2003-400D-9F43-7B35D3E8891A}.Release|x64.ActiveCfg = Release|Any CPU
		{E8C5D204-2003-400D-9F43-7B35D3E8891A}.Release|x64.Build.0 = Release|Any CPU
		{E8C5D204-2003-400D-9F43-7B35D3E8891A}.Release|x86.ActiveCfg = Release|Any CPU
		{E8C5D204-2003-400D-9F43-7B35D3E8891A}.Release|x86.Build.0 = Release|Any CPU
		{A3C3F2E4-6E3B-4F7B-B1E3-9D1C9F4A36D7}.Debug|Any CPU.ActiveCfg = Debug|Any CPU
		{A3C3F2E4-6E3B-4F7B-B1E3-9D1C9F4A36D7}.Debug|Any CPU.Build.0 = Debug|Any CPU
		{A3C3F2E4-6E3B-4F7B-B1E3-9D1C9F4A36D7}.Debug|x64.ActiveCfg = Debug|Any CPU
		{A3C3F2E4-6E3B-4F7B-B1E3-9D1C9F4A36D7}.Debug|x64.Build.0 = Debug|Any CPU
		{A3C3F2E4-6E3B-4F7B-B1E3-9D1C9F4A36D7}.Debug|x86.ActiveCfg = Debug|Any CPU
		{A3C3F2E4-6E3B-4F7B-B1E3-9D1C9F4A36D7}.Debug|x86.Build.0 = Debug|Any CPU
		{A3C3F2E4-6E3B-4F7B-B1E3-9D1C9F4A36D7}.Release|Any CPU.ActiveCfg = Release|Any CPU
		{A3C3F2E4-6E3B-4F7B-B1E3-9D1C9F4A36D7}.Release|Any CPU.Build.0 = Release|Any CPU
		{A3C3F2E4-6E3B-4F7B-B1E3-9D1C9F4A36D7}.Release|x64.ActiveCfg = Release|Any CPU
		{A3C3F2E4-6E3B-4F7B-B1E3-9D1C9F4A36D7}.Release|x64.Build.0 = Release|Any CPU
		{A3C3F2E4-6E3B-4F7B-B1E3-9D1C9F4A36D7}.Release|x86.ActiveCfg = Release|Any CPU
		{A3C3F2E4-6E3B-4F7B-B1E3-9D1C9F4A36D7}.Release|x86.Build.0 = Release|Any CPU
		{4FB2BE9C-DF92-46B8-A18E-A18D739DF964}.Debug|Any CPU.ActiveCfg = Debug|Any CPU
		{4FB2BE9C-DF92-46B8-A18E-A18D739DF964}.Debug|Any CPU.Build.0 = Debug|Any CPU
		{4FB2BE9C-DF92-46B8-A18E-A18D739DF964}.Debug|x64.ActiveCfg = Debug|Any CPU
		{4FB2BE9C-DF92-46B8-A18E-A18D739DF964}.Debug|x64.Build.0 = Debug|Any CPU
		{4FB2BE9C-DF92-46B8-A18E-A18D739DF964}.Debug|x86.ActiveCfg = Debug|Any CPU
		{4FB2BE9C-DF92-46B8-A18E-A18D739DF964}.Debug|x86.Build.0 = Debug|Any CPU
		{4FB2BE9C-DF92-46B8-A18E-A18D739DF964}.Release|Any CPU.ActiveCfg = Release|Any CPU
		{4FB2BE9C-DF92-46B8-A18E-A18D739DF964}.Release|Any CPU.Build.0 = Release|Any CPU
		{4FB2BE9C-DF92-46B8-A18E-A18D739DF964}.Release|x64.ActiveCfg = Release|Any CPU
		{4FB2BE9C-DF92-46B8-A18E-A18D739DF964}.Release|x64.Build.0 = Release|Any CPU
		{4FB2BE9C-DF92-46B8-A18E-A18D739DF964}.Release|x86.ActiveCfg = Release|Any CPU
		{4FB2BE9C-DF92-46B8-A18E-A18D739DF964}.Release|x86.Build.0 = Release|Any CPU
	EndGlobalSection
	GlobalSection(SolutionProperties) = preSolution
		HideSolutionNode = FALSE
	EndGlobalSection
	GlobalSection(ExtensibilityGlobals) = postSolution
		SolutionGuid = {191F8BA0-864B-4457-9A8A-50752B513305}
	EndGlobalSection
EndGlobal
